
Microsoft Visual Studio Solution File, Format Version 12.00
# Visual Studio Version 17
VisualStudioVersion = 17.5.33516.290
MinimumVisualStudioVersion = 10.0.40219.1
Project("{FAE04EC0-301F-11D3-BF4B-00C04F79EFBC}") = "ShopPanel", "ShopPanel\ShopPanel.csproj", "{74AFF968-E111-4D9B-BBF0-83A483B627F3}"
EndProject
Project("{FAE04EC0-301F-11D3-BF4B-00C04F79EFBC}") = "ShopPanel.Core", "ShopPanel.Core\ShopPanel.Core.csproj", "{AFD1BC42-116C-4BC8-B87E-AB46AABC1F1C}"
EndProject
Project("{FAE04EC0-301F-11D3-BF4B-00C04F79EFBC}") = "ShopPanel.Business", "ShopPanel.Business\ShopPanel.Business.csproj", "{EF1CE687-79C6-4D7E-B57E-67255C8C6AE5}"
EndProject
Project("{FAE04EC0-301F-11D3-BF4B-00C04F79EFBC}") = "ShopPanel.DataAccess", "ShopPanel.DataAccess\ShopPanel.DataAccess.csproj", "{3464F762-C97E-4134-8DF9-BDE0C9329EB6}"
EndProject
Project("{FAE04EC0-301F-11D3-BF4B-00C04F79EFBC}") = "ShopPanel.Entity", "ShopPanel.Entities\ShopPanel.Entity.csproj", "{303A5460-CF23-4AD2-83A9-ED949F33ACC1}"
EndProject
Global
	GlobalSection(SolutionConfigurationPlatforms) = preSolution
		Debug|Any CPU = Debug|Any CPU
		Release|Any CPU = Release|Any CPU
	EndGlobalSection
	GlobalSection(ProjectConfigurationPlatforms) = postSolution
		{74AFF968-E111-4D9B-BBF0-83A483B627F3}.Debug|Any CPU.ActiveCfg = Debug|Any CPU
		{74AFF968-E111-4D9B-BBF0-83A483B627F3}.Debug|Any CPU.Build.0 = Debug|Any CPU
		{74AFF968-E111-4D9B-BBF0-83A483B627F3}.Release|Any CPU.ActiveCfg = Release|Any CPU
		{74AFF968-E111-4D9B-BBF0-83A483B627F3}.Release|Any CPU.Build.0 = Release|Any CPU
		{AFD1BC42-116C-4BC8-B87E-AB46AABC1F1C}.Debug|Any CPU.ActiveCfg = Debug|Any CPU
		{AFD1BC42-116C-4BC8-B87E-AB46AABC1F1C}.Debug|Any CPU.Build.0 = Debug|Any CPU
		{AFD1BC42-116C-4BC8-B87E-AB46AABC1F1C}.Release|Any CPU.ActiveCfg = Release|Any CPU
		{AFD1BC42-116C-4BC8-B87E-AB46AABC1F1C}.Release|Any CPU.Build.0 = Release|Any CPU
		{EF1CE687-79C6-4D7E-B57E-67255C8C6AE5}.Debug|Any CPU.ActiveCfg = Debug|Any CPU
		{EF1CE687-79C6-4D7E-B57E-67255C8C6AE5}.Debug|Any CPU.Build.0 = Debug|Any CPU
		{EF1CE687-79C6-4D7E-B57E-67255C8C6AE5}.Release|Any CPU.ActiveCfg = Release|Any CPU
		{EF1CE687-79C6-4D7E-B57E-67255C8C6AE5}.Release|Any CPU.Build.0 = Release|Any CPU
		{3464F762-C97E-4134-8DF9-BDE0C9329EB6}.Debug|Any CPU.ActiveCfg = Debug|Any CPU
		{3464F762-C97E-4134-8DF9-BDE0C9329EB6}.Debug|Any CPU.Build.0 = Debug|Any CPU
		{3464F762-C97E-4134-8DF9-BDE0C9329EB6}.Release|Any CPU.ActiveCfg = Release|Any CPU
		{3464F762-C97E-4134-8DF9-BDE0C9329EB6}.Release|Any CPU.Build.0 = Release|Any CPU
		{303A5460-CF23-4AD2-83A9-ED949F33ACC1}.Debug|Any CPU.ActiveCfg = Debug|Any CPU
		{303A5460-CF23-4AD2-83A9-ED949F33ACC1}.Debug|Any CPU.Build.0 = Debug|Any CPU
		{303A5460-CF23-4AD2-83A9-ED949F33ACC1}.Release|Any CPU.ActiveCfg = Release|Any CPU
		{303A5460-CF23-4AD2-83A9-ED949F33ACC1}.Release|Any CPU.Build.0 = Release|Any CPU
	EndGlobalSection
	GlobalSection(SolutionProperties) = preSolution
		HideSolutionNode = FALSE
	EndGlobalSection
	GlobalSection(ExtensibilityGlobals) = postSolution
		SolutionGuid = {930543D1-500F-4236-B103-BFD764D72A06}
	EndGlobalSection
EndGlobal
